// !$*UTF8*$!
{
	archiveVersion = 1;
	classes = {
	};
	objectVersion = 50;
	objects = {

/* Begin PBXBuildFile section */
		F6F93F942332455F00B0CAC3 /* AppDelegate.swift in Sources */ = {isa = PBXBuildFile; fileRef = F6F93F932332455F00B0CAC3 /* AppDelegate.swift */; };
		F6F93F992332455F00B0CAC3 /* Main.storyboard in Resources */ = {isa = PBXBuildFile; fileRef = F6F93F972332455F00B0CAC3 /* Main.storyboard */; };
		F6F93F9B2332456000B0CAC3 /* Assets.xcassets in Resources */ = {isa = PBXBuildFile; fileRef = F6F93F9A2332456000B0CAC3 /* Assets.xcassets */; };
		F6F93F9E2332456000B0CAC3 /* LaunchScreen.storyboard in Resources */ = {isa = PBXBuildFile; fileRef = F6F93F9C2332456000B0CAC3 /* LaunchScreen.storyboard */; };
		F6F93FA72332495900B0CAC3 /* WordsTableViewController.swift in Sources */ = {isa = PBXBuildFile; fileRef = F6F93FA62332495900B0CAC3 /* WordsTableViewController.swift */; };
		F6F93FAC2332499F00B0CAC3 /* DefinitionViewController.swift in Sources */ = {isa = PBXBuildFile; fileRef = F6F93FAB2332499F00B0CAC3 /* DefinitionViewController.swift */; };
		F6F93FAE23324D7500B0CAC3 /* VocabWord.swift in Sources */ = {isa = PBXBuildFile; fileRef = F6F93FAD23324D7500B0CAC3 /* VocabWord.swift */; };
/* End PBXBuildFile section */

/* Begin PBXFileReference section */
		F6F93F902332455F00B0CAC3 /* Vocab.app */ = {isa = PBXFileReference; explicitFileType = wrapper.application; includeInIndex = 0; path = Vocab.app; sourceTree = BUILT_PRODUCTS_DIR; };
		F6F93F932332455F00B0CAC3 /* AppDelegate.swift */ = {isa = PBXFileReference; lastKnownFileType = sourcecode.swift; path = AppDelegate.swift; sourceTree = "<group>"; };
		F6F93F982332455F00B0CAC3 /* Base */ = {isa = PBXFileReference; lastKnownFileType = file.storyboard; name = Base; path = Base.lproj/Main.storyboard; sourceTree = "<group>"; };
		F6F93F9A2332456000B0CAC3 /* Assets.xcassets */ = {isa = PBXFileReference; lastKnownFileType = folder.assetcatalog; path = Assets.xcassets; sourceTree = "<group>"; };
		F6F93F9D2332456000B0CAC3 /* Base */ = {isa = PBXFileReference; lastKnownFileType = file.storyboard; name = Base; path = Base.lproj/LaunchScreen.storyboard; sourceTree = "<group>"; };
		F6F93F9F2332456000B0CAC3 /* Info.plist */ = {isa = PBXFileReference; lastKnownFileType = text.plist.xml; path = Info.plist; sourceTree = "<group>"; };
		F6F93FA62332495900B0CAC3 /* WordsTableViewController.swift */ = {isa = PBXFileReference; lastKnownFileType = sourcecode.swift; path = WordsTableViewController.swift; sourceTree = "<group>"; };
		F6F93FAB2332499F00B0CAC3 /* DefinitionViewController.swift */ = {isa = PBXFileReference; lastKnownFileType = sourcecode.swift; path = DefinitionViewController.swift; sourceTree = "<group>"; };
		F6F93FAD23324D7500B0CAC3 /* VocabWord.swift */ = {isa = PBXFileReference; lastKnownFileType = sourcecode.swift; path = VocabWord.swift; sourceTree = "<group>"; };
/* End PBXFileReference section */

/* Begin PBXFrameworksBuildPhase section */
		F6F93F8D2332455F00B0CAC3 /* Frameworks */ = {
			isa = PBXFrameworksBuildPhase;
			buildActionMask = 2147483647;
			files = (
			);
			runOnlyForDeploymentPostprocessing = 0;
		};
/* End PBXFrameworksBuildPhase section */

/* Begin PBXGroup section */
		F6F93F872332455F00B0CAC3 = {
			isa = PBXGroup;
			children = (
				F6F93F922332455F00B0CAC3 /* Vocab */,
				F6F93F912332455F00B0CAC3 /* Products */,
			);
			sourceTree = "<group>";
		};
		F6F93F912332455F00B0CAC3 /* Products */ = {
			isa = PBXGroup;
			children = (
				F6F93F902332455F00B0CAC3 /* Vocab.app */,
			);
			name = Products;
			sourceTree = "<group>";
		};
		F6F93F922332455F00B0CAC3 /* Vocab */ = {
			isa = PBXGroup;
			children = (
				F6F93FAA2332496800B0CAC3 /* M */,
				F6F93FA92332496600B0CAC3 /* V */,
				F6F93FA82332496100B0CAC3 /* C */,
				F6F93F972332455F00B0CAC3 /* Main.storyboard */,
				F6F93FA5233248E400B0CAC3 /* Resources */,
			);
			path = Vocab;
			sourceTree = "<group>";
		};
		F6F93FA5233248E400B0CAC3 /* Resources */ = {
			isa = PBXGroup;
			children = (
				F6F93F9C2332456000B0CAC3 /* LaunchScreen.storyboard */,
				F6F93F932332455F00B0CAC3 /* AppDelegate.swift */,
				F6F93F9A2332456000B0CAC3 /* Assets.xcassets */,
				F6F93F9F2332456000B0CAC3 /* Info.plist */,
			);
			path = Resources;
			sourceTree = "<group>";
		};
		F6F93FA82332496100B0CAC3 /* C */ = {
			isa = PBXGroup;
			children = (
				F6F93FA62332495900B0CAC3 /* WordsTableViewController.swift */,
				F6F93FAB2332499F00B0CAC3 /* DefinitionViewController.swift */,
			);
			path = C;
			sourceTree = "<group>";
		};
		F6F93FA92332496600B0CAC3 /* V */ = {
			isa = PBXGroup;
			children = (
			);
			path = V;
			sourceTree = "<group>";
		};
		F6F93FAA2332496800B0CAC3 /* M */ = {
			isa = PBXGroup;
			children = (
				F6F93FAD23324D7500B0CAC3 /* VocabWord.swift */,
			);
			path = M;
			sourceTree = "<group>";
		};
/* End PBXGroup section */

/* Begin PBXNativeTarget section */
		F6F93F8F2332455F00B0CAC3 /* Vocab */ = {
			isa = PBXNativeTarget;
			buildConfigurationList = F6F93FA22332456000B0CAC3 /* Build configuration list for PBXNativeTarget "Vocab" */;
			buildPhases = (
				F6F93F8C2332455F00B0CAC3 /* Sources */,
				F6F93F8D2332455F00B0CAC3 /* Frameworks */,
				F6F93F8E2332455F00B0CAC3 /* Resources */,
			);
			buildRules = (
			);
			dependencies = (
			);
			name = Vocab;
			productName = Vocab;
			productReference = F6F93F902332455F00B0CAC3 /* Vocab.app */;
			productType = "com.apple.product-type.application";
		};
/* End PBXNativeTarget section */

/* Begin PBXProject section */
		F6F93F882332455F00B0CAC3 /* Project object */ = {
			isa = PBXProject;
			attributes = {
				LastSwiftUpdateCheck = 1030;
				LastUpgradeCheck = 1030;
				ORGANIZATIONNAME = "Nate Hedgeman";
				TargetAttributes = {
					F6F93F8F2332455F00B0CAC3 = {
						CreatedOnToolsVersion = 10.3;
					};
				};
			};
			buildConfigurationList = F6F93F8B2332455F00B0CAC3 /* Build configuration list for PBXProject "Vocab" */;
			compatibilityVersion = "Xcode 9.3";
			developmentRegion = en;
			hasScannedForEncodings = 0;
			knownRegions = (
				en,
				Base,
			);
			mainGroup = F6F93F872332455F00B0CAC3;
			productRefGroup = F6F93F912332455F00B0CAC3 /* Products */;
			projectDirPath = "";
			projectRoot = "";
			targets = (
				F6F93F8F2332455F00B0CAC3 /* Vocab */,
			);
		};
/* End PBXProject section */

/* Begin PBXResourcesBuildPhase section */
		F6F93F8E2332455F00B0CAC3 /* Resources */ = {
			isa = PBXResourcesBuildPhase;
			buildActionMask = 2147483647;
			files = (
				F6F93F9E2332456000B0CAC3 /* LaunchScreen.storyboard in Resources */,
				F6F93F9B2332456000B0CAC3 /* Assets.xcassets in Resources */,
				F6F93F992332455F00B0CAC3 /* Main.storyboard in Resources */,
			);
			runOnlyForDeploymentPostprocessing = 0;
		};
/* End PBXResourcesBuildPhase section */

/* Begin PBXSourcesBuildPhase section */
		F6F93F8C2332455F00B0CAC3 /* Sources */ = {
			isa = PBXSourcesBuildPhase;
			buildActionMask = 2147483647;
			files = (
				F6F93F942332455F00B0CAC3 /* AppDelegate.swift in Sources */,
				F6F93FAE23324D7500B0CAC3 /* VocabWord.swift in Sources */,
				F6F93FAC2332499F00B0CAC3 /* DefinitionViewController.swift in Sources */,
				F6F93FA72332495900B0CAC3 /* WordsTableViewController.swift in Sources */,
			);
			runOnlyForDeploymentPostprocessing = 0;
		};
/* End PBXSourcesBuildPhase section */

/* Begin PBXVariantGroup section */
		F6F93F972332455F00B0CAC3 /* Main.storyboard */ = {
			isa = PBXVariantGroup;
			children = (
				F6F93F982332455F00B0CAC3 /* Base */,
			);
			name = Main.storyboard;
			sourceTree = "<group>";
		};
		F6F93F9C2332456000B0CAC3 /* LaunchScreen.storyboard */ = {
			isa = PBXVariantGroup;
			children = (
				F6F93F9D2332456000B0CAC3 /* Base */,
			);
			name = LaunchScreen.storyboard;
			sourceTree = "<group>";
		};
/* End PBXVariantGroup section */

/* Begin XCBuildConfiguration section */
		F6F93FA02332456000B0CAC3 /* Debug */ = {
			isa = XCBuildConfiguration;
			buildSettings = {
				ALWAYS_SEARCH_USER_PATHS = NO;
				CLANG_ANALYZER_NONNULL = YES;
				CLANG_ANALYZER_NUMBER_OBJECT_CONVERSION = YES_AGGRESSIVE;
				CLANG_CXX_LANGUAGE_STANDARD = "gnu++14";
				CLANG_CXX_LIBRARY = "libc++";
				CLANG_ENABLE_MODULES = YES;
				CLANG_ENABLE_OBJC_ARC = YES;
				CLANG_ENABLE_OBJC_WEAK = YES;
				CLANG_WARN_BLOCK_CAPTURE_AUTORELEASING = YES;
				CLANG_WARN_BOOL_CONVERSION = YES;
				CLANG_WARN_COMMA = YES;
				CLANG_WARN_CONSTANT_CONVERSION = YES;
				CLANG_WARN_DEPRECATED_OBJC_IMPLEMENTATIONS = YES;
				CLANG_WARN_DIRECT_OBJC_ISA_USAGE = YES_ERROR;
				CLANG_WARN_DOCUMENTATION_COMMENTS = YES;
				CLANG_WARN_EMPTY_BODY = YES;
				CLANG_WARN_ENUM_CONVERSION = YES;
				CLANG_WARN_INFINITE_RECURSION = YES;
				CLANG_WARN_INT_CONVERSION = YES;
				CLANG_WARN_NON_LITERAL_NULL_CONVERSION = YES;
				CLANG_WARN_OBJC_IMPLICIT_RETAIN_SELF = YES;
				CLANG_WARN_OBJC_LITERAL_CONVERSION = YES;
				CLANG_WARN_OBJC_ROOT_CLASS = YES_ERROR;
				CLANG_WARN_RANGE_LOOP_ANALYSIS = YES;
				CLANG_WARN_STRICT_PROTOTYPES = YES;
				CLANG_WARN_SUSPICIOUS_MOVE = YES;
				CLANG_WARN_UNGUARDED_AVAILABILITY = YES_AGGRESSIVE;
				CLANG_WARN_UNREACHABLE_CODE = YES;
				CLANG_WARN__DUPLICATE_METHOD_MATCH = YES;
				CODE_SIGN_IDENTITY = "iPhone Developer";
				COPY_PHASE_STRIP = NO;
				DEBUG_INFORMATION_FORMAT = dwarf;
				ENABLE_STRICT_OBJC_MSGSEND = YES;
				ENABLE_TESTABILITY = YES;
				GCC_C_LANGUAGE_STANDARD = gnu11;
				GCC_DYNAMIC_NO_PIC = NO;
				GCC_NO_COMMON_BLOCKS = YES;
				GCC_OPTIMIZATION_LEVEL = 0;
				GCC_PREPROCESSOR_DEFINITIONS = (
					"DEBUG=1",
					"$(inherited)",
				);
				GCC_WARN_64_TO_32_BIT_CONVERSION = YES;
				GCC_WARN_ABOUT_RETURN_TYPE = YES_ERROR;
				GCC_WARN_UNDECLARED_SELECTOR = YES;
				GCC_WARN_UNINITIALIZED_AUTOS = YES_AGGRESSIVE;
				GCC_WARN_UNUSED_FUNCTION = YES;
				GCC_WARN_UNUSED_VARIABLE = YES;
				IPHONEOS_DEPLOYMENT_TARGET = 12.4;
				MTL_ENABLE_DEBUG_INFO = INCLUDE_SOURCE;
				MTL_FAST_MATH = YES;
				ONLY_ACTIVE_ARCH = YES;
				SDKROOT = iphoneos;
				SWIFT_ACTIVE_COMPILATION_CONDITIONS = DEBUG;
				SWIFT_OPTIMIZATION_LEVEL = "-Onone";
			};
			name = Debug;
		};
		F6F93FA12332456000B0CAC3 /* Release */ = {
			isa = XCBuildConfiguration;
			buildSettings = {
				ALWAYS_SEARCH_USER_PATHS = NO;
				CLANG_ANALYZER_NONNULL = YES;
				CLANG_ANALYZER_NUMBER_OBJECT_CONVERSION = YES_AGGRESSIVE;
				CLANG_CXX_LANGUAGE_STANDARD = "gnu++14";
				CLANG_CXX_LIBRARY = "libc++";
				CLANG_ENABLE_MODULES = YES;
				CLANG_ENABLE_OBJC_ARC = YES;
				CLANG_ENABLE_OBJC_WEAK = YES;
				CLANG_WARN_BLOCK_CAPTURE_AUTORELEASING = YES;
				CLANG_WARN_BOOL_CONVERSION = YES;
				CLANG_WARN_COMMA = YES;
				CLANG_WARN_CONSTANT_CONVERSION = YES;
				CLANG_WARN_DEPRECATED_OBJC_IMPLEMENTATIONS = YES;
				CLANG_WARN_DIRECT_OBJC_ISA_USAGE = YES_ERROR;
				CLANG_WARN_DOCUMENTATION_COMMENTS = YES;
				CLANG_WARN_EMPTY_BODY = YES;
				CLANG_WARN_ENUM_CONVERSION = YES;
				CLANG_WARN_INFINITE_RECURSION = YES;
				CLANG_WARN_INT_CONVERSION = YES;
				CLANG_WARN_NON_LITERAL_NULL_CONVERSION = YES;
				CLANG_WARN_OBJC_IMPLICIT_RETAIN_SELF = YES;
				CLANG_WARN_OBJC_LITERAL_CONVERSION = YES;
				CLANG_WARN_OBJC_ROOT_CLASS = YES_ERROR;
				CLANG_WARN_RANGE_LOOP_ANALYSIS = YES;
				CLANG_WARN_STRICT_PROTOTYPES = YES;
				CLANG_WARN_SUSPICIOUS_MOVE = YES;
				CLANG_WARN_UNGUARDED_AVAILABILITY = YES_AGGRESSIVE;
				CLANG_WARN_UNREACHABLE_CODE = YES;
				CLANG_WARN__DUPLICATE_METHOD_MATCH = YES;
				CODE_SIGN_IDENTITY = "iPhone Developer";
				COPY_PHASE_STRIP = NO;
				DEBUG_INFORMATION_FORMAT = "dwarf-with-dsym";
				ENABLE_NS_ASSERTIONS = NO;
				ENABLE_STRICT_OBJC_MSGSEND = YES;
				GCC_C_LANGUAGE_STANDARD = gnu11;
				GCC_NO_COMMON_BLOCKS = YES;
				GCC_WARN_64_TO_32_BIT_CONVERSION = YES;
				GCC_WARN_ABOUT_RETURN_TYPE = YES_ERROR;
				GCC_WARN_UNDECLARED_SELECTOR = YES;
				GCC_WARN_UNINITIALIZED_AUTOS = YES_AGGRESSIVE;
				GCC_WARN_UNUSED_FUNCTION = YES;
				GCC_WARN_UNUSED_VARIABLE = YES;
				IPHONEOS_DEPLOYMENT_TARGET = 12.4;
				MTL_ENABLE_DEBUG_INFO = NO;
				MTL_FAST_MATH = YES;
				SDKROOT = iphoneos;
				SWIFT_COMPILATION_MODE = wholemodule;
				SWIFT_OPTIMIZATION_LEVEL = "-O";
				VALIDATE_PRODUCT = YES;
			};
			name = Release;
		};
		F6F93FA32332456000B0CAC3 /* Debug */ = {
			isa = XCBuildConfiguration;
			buildSettings = {
				ASSETCATALOG_COMPILER_APPICON_NAME = AppIcon;
				CODE_SIGN_STYLE = Automatic;
				DEVELOPMENT_TEAM = 8492LT54LT;
				INFOPLIST_FILE = "$(SRCROOT)/Vocab/Resources/Info.plist";
				LD_RUNPATH_SEARCH_PATHS = (
					"$(inherited)",
					"@executable_path/Frameworks",
				);
				PRODUCT_BUNDLE_IDENTIFIER = com.natehedgeman.Vocab;
				PRODUCT_NAME = "$(TARGET_NAME)";
				SWIFT_VERSION = 5.0;
				TARGETED_DEVICE_FAMILY = "1,2";
			};
			name = Debug;
		};
		F6F93FA42332456000B0CAC3 /* Release */ = {
			isa = XCBuildConfiguration;
			buildSettings = {
				ASSETCATALOG_COMPILER_APPICON_NAME = AppIcon;
				CODE_SIGN_STYLE = Automatic;
				DEVELOPMENT_TEAM = 8492LT54LT;
				INFOPLIST_FILE = "$(SRCROOT)/Vocab/Resources/Info.plist";
				LD_RUNPATH_SEARCH_PATHS = (
					"$(inherited)",
					"@executable_path/Frameworks",
				);
				PRODUCT_BUNDLE_IDENTIFIER = com.natehedgeman.Vocab;
				PRODUCT_NAME = "$(TARGET_NAME)";
				SWIFT_VERSION = 5.0;
				TARGETED_DEVICE_FAMILY = "1,2";
			};
			name = Release;
		};
/* End XCBuildConfiguration section */

/* Begin XCConfigurationList section */
		F6F93F8B2332455F00B0CAC3 /* Build configuration list for PBXProject "Vocab" */ = {
			isa = XCConfigurationList;
			buildConfigurations = (
				F6F93FA02332456000B0CAC3 /* Debug */,
				F6F93FA12332456000B0CAC3 /* Release */,
			);
			defaultConfigurationIsVisible = 0;
			defaultConfigurationName = Release;
		};
		F6F93FA22332456000B0CAC3 /* Build configuration list for PBXNativeTarget "Vocab" */ = {
			isa = XCConfigurationList;
			buildConfigurations = (
				F6F93FA32332456000B0CAC3 /* Debug */,
				F6F93FA42332456000B0CAC3 /* Release */,
			);
			defaultConfigurationIsVisible = 0;
			defaultConfigurationName = Release;
		};
/* End XCConfigurationList section */
	};
	rootObject = F6F93F882332455F00B0CAC3 /* Project object */;
}
